
Microsoft Visual Studio Solution File, Format Version 12.00
# Visual Studio Version 16
VisualStudioVersion = 16.0.30114.105
MinimumVisualStudioVersion = 10.0.40219.1
Project("{FAE04EC0-301F-11D3-BF4B-00C04F79EFBC}") = "OlaMundo", "OlaMundo\OlaMundo.csproj", "{7FCF22A4-9A21-4883-ACB8-BA5D69B69B11}"
EndProject
Project("{FAE04EC0-301F-11D3-BF4B-00C04F79EFBC}") = "Argumentos", "Argumentos\Argumentos.csproj", "{2122BADE-946E-48CA-9A0E-0AF04BB4FA54}"
EndProject
Project("{FAE04EC0-301F-11D3-BF4B-00C04F79EFBC}") = "TiposVarios", "TiposVarios\TiposVarios.csproj", "{2B35BC09-6393-4549-A011-A9B6DC591E9B}"
EndProject
Project("{FAE04EC0-301F-11D3-BF4B-00C04F79EFBC}") = "VariasStrings", "VariasStrings\VariasStrings.csproj", "{D5858601-ECA6-4F23-90FF-0A6BF566667C}"
EndProject
Global
	GlobalSection(SolutionConfigurationPlatforms) = preSolution
		Debug|Any CPU = Debug|Any CPU
		Release|Any CPU = Release|Any CPU
	EndGlobalSection
	GlobalSection(SolutionProperties) = preSolution
		HideSolutionNode = FALSE
	EndGlobalSection
	GlobalSection(ProjectConfigurationPlatforms) = postSolution
		{7FCF22A4-9A21-4883-ACB8-BA5D69B69B11}.Debug|Any CPU.ActiveCfg = Debug|Any CPU
		{7FCF22A4-9A21-4883-ACB8-BA5D69B69B11}.Debug|Any CPU.Build.0 = Debug|Any CPU
		{7FCF22A4-9A21-4883-ACB8-BA5D69B69B11}.Release|Any CPU.ActiveCfg = Release|Any CPU
		{7FCF22A4-9A21-4883-ACB8-BA5D69B69B11}.Release|Any CPU.Build.0 = Release|Any CPU
		{2122BADE-946E-48CA-9A0E-0AF04BB4FA54}.Debug|Any CPU.ActiveCfg = Debug|Any CPU
		{2122BADE-946E-48CA-9A0E-0AF04BB4FA54}.Debug|Any CPU.Build.0 = Debug|Any CPU
		{2122BADE-946E-48CA-9A0E-0AF04BB4FA54}.Release|Any CPU.ActiveCfg = Release|Any CPU
		{2122BADE-946E-48CA-9A0E-0AF04BB4FA54}.Release|Any CPU.Build.0 = Release|Any CPU
		{2B35BC09-6393-4549-A011-A9B6DC591E9B}.Debug|Any CPU.ActiveCfg = Debug|Any CPU
		{2B35BC09-6393-4549-A011-A9B6DC591E9B}.Debug|Any CPU.Build.0 = Debug|Any CPU
		{2B35BC09-6393-4549-A011-A9B6DC591E9B}.Release|Any CPU.ActiveCfg = Release|Any CPU
		{2B35BC09-6393-4549-A011-A9B6DC591E9B}.Release|Any CPU.Build.0 = Release|Any CPU
		{D5858601-ECA6-4F23-90FF-0A6BF566667C}.Debug|Any CPU.ActiveCfg = Debug|Any CPU
		{D5858601-ECA6-4F23-90FF-0A6BF566667C}.Debug|Any CPU.Build.0 = Debug|Any CPU
		{D5858601-ECA6-4F23-90FF-0A6BF566667C}.Release|Any CPU.ActiveCfg = Release|Any CPU
		{D5858601-ECA6-4F23-90FF-0A6BF566667C}.Release|Any CPU.Build.0 = Release|Any CPU
	EndGlobalSection
EndGlobal
